
Microsoft Visual Studio Solution File, Format Version 12.00
# Visual Studio 15
VisualStudioVersion = 15.0.27130.2027
MinimumVisualStudioVersion = 10.0.40219.1
Project("{9A19103F-16F7-4668-BE54-9A1E7A4F7556}") = "Dwragge.BlobBlaze.Web", "Dwragge.BlobBlaze.Web\Dwragge.BlobBlaze.Web.csproj", "{2EA91322-D407-4EC0-82B2-7F688FE6B7FE}"
EndProject
Project("{FAE04EC0-301F-11D3-BF4B-00C04F79EFBC}") = "Dwragge.BlobBlaze.Entities", "Dwragge.BlobBlaze.Entities\Dwragge.BlobBlaze.Entities.csproj", "{EA23C624-071E-42F9-92C9-A1C9F93720B5}"
EndProject
Project("{FAE04EC0-301F-11D3-BF4B-00C04F79EFBC}") = "Dwragge.BlobBlaze.Storage", "Dwragge.BlobBlaze.Storage\Dwragge.BlobBlaze.Storage.csproj", "{5B3FF2BC-3769-4007-A514-3A88FBE0623C}"
EndProject
Project("{FAE04EC0-301F-11D3-BF4B-00C04F79EFBC}") = "Dwragge.BlobBlaze.Application", "Dwragge.BlobBlaze.Application\Dwragge.BlobBlaze.Application.csproj", "{1107CB44-F6E8-459F-BE75-235BC85C2D3F}"
EndProject
Global
	GlobalSection(SolutionConfigurationPlatforms) = preSolution
		Debug|Any CPU = Debug|Any CPU
		Debug|x64 = Debug|x64
		Release|Any CPU = Release|Any CPU
		Release|x64 = Release|x64
	EndGlobalSection
	GlobalSection(ProjectConfigurationPlatforms) = postSolution
		{2EA91322-D407-4EC0-82B2-7F688FE6B7FE}.Debug|Any CPU.ActiveCfg = Debug|Any CPU
		{2EA91322-D407-4EC0-82B2-7F688FE6B7FE}.Debug|Any CPU.Build.0 = Debug|Any CPU
		{2EA91322-D407-4EC0-82B2-7F688FE6B7FE}.Debug|x64.ActiveCfg = Debug|Any CPU
		{2EA91322-D407-4EC0-82B2-7F688FE6B7FE}.Debug|x64.Build.0 = Debug|Any CPU
		{2EA91322-D407-4EC0-82B2-7F688FE6B7FE}.Release|Any CPU.ActiveCfg = Release|Any CPU
		{2EA91322-D407-4EC0-82B2-7F688FE6B7FE}.Release|Any CPU.Build.0 = Release|Any CPU
		{2EA91322-D407-4EC0-82B2-7F688FE6B7FE}.Release|x64.ActiveCfg = Release|Any CPU
		{2EA91322-D407-4EC0-82B2-7F688FE6B7FE}.Release|x64.Build.0 = Release|Any CPU
		{EA23C624-071E-42F9-92C9-A1C9F93720B5}.Debug|Any CPU.ActiveCfg = Debug|Any CPU
		{EA23C624-071E-42F9-92C9-A1C9F93720B5}.Debug|Any CPU.Build.0 = Debug|Any CPU
		{EA23C624-071E-42F9-92C9-A1C9F93720B5}.Debug|x64.ActiveCfg = Debug|Any CPU
		{EA23C624-071E-42F9-92C9-A1C9F93720B5}.Debug|x64.Build.0 = Debug|Any CPU
		{EA23C624-071E-42F9-92C9-A1C9F93720B5}.Release|Any CPU.ActiveCfg = Release|Any CPU
		{EA23C624-071E-42F9-92C9-A1C9F93720B5}.Release|Any CPU.Build.0 = Release|Any CPU
		{EA23C624-071E-42F9-92C9-A1C9F93720B5}.Release|x64.ActiveCfg = Release|Any CPU
		{EA23C624-071E-42F9-92C9-A1C9F93720B5}.Release|x64.Build.0 = Release|Any CPU
		{5B3FF2BC-3769-4007-A514-3A88FBE0623C}.Debug|Any CPU.ActiveCfg = Debug|Any CPU
		{5B3FF2BC-3769-4007-A514-3A88FBE0623C}.Debug|Any CPU.Build.0 = Debug|Any CPU
		{5B3FF2BC-3769-4007-A514-3A88FBE0623C}.Debug|x64.ActiveCfg = Debug|Any CPU
		{5B3FF2BC-3769-4007-A514-3A88FBE0623C}.Debug|x64.Build.0 = Debug|Any CPU
		{5B3FF2BC-3769-4007-A514-3A88FBE0623C}.Release|Any CPU.ActiveCfg = Release|Any CPU
		{5B3FF2BC-3769-4007-A514-3A88FBE0623C}.Release|Any CPU.Build.0 = Release|Any CPU
		{5B3FF2BC-3769-4007-A514-3A88FBE0623C}.Release|x64.ActiveCfg = Release|Any CPU
		{5B3FF2BC-3769-4007-A514-3A88FBE0623C}.Release|x64.Build.0 = Release|Any CPU
		{1107CB44-F6E8-459F-BE75-235BC85C2D3F}.Debug|Any CPU.ActiveCfg = Debug|Any CPU
		{1107CB44-F6E8-459F-BE75-235BC85C2D3F}.Debug|Any CPU.Build.0 = Debug|Any CPU
		{1107CB44-F6E8-459F-BE75-235BC85C2D3F}.Debug|x64.ActiveCfg = Debug|Any CPU
		{1107CB44-F6E8-459F-BE75-235BC85C2D3F}.Debug|x64.Build.0 = Debug|Any CPU
		{1107CB44-F6E8-459F-BE75-235BC85C2D3F}.Release|Any CPU.ActiveCfg = Release|Any CPU
		{1107CB44-F6E8-459F-BE75-235BC85C2D3F}.Release|Any CPU.Build.0 = Release|Any CPU
		{1107CB44-F6E8-459F-BE75-235BC85C2D3F}.Release|x64.ActiveCfg = Release|Any CPU
		{1107CB44-F6E8-459F-BE75-235BC85C2D3F}.Release|x64.Build.0 = Release|Any CPU
	EndGlobalSection
	GlobalSection(SolutionProperties) = preSolution
		HideSolutionNode = FALSE
	EndGlobalSection
	GlobalSection(ExtensibilityGlobals) = postSolution
		SolutionGuid = {998D45C8-608D-470F-89FA-0E2343E8723B}
	EndGlobalSection
EndGlobal
